
Microsoft Visual Studio Solution File, Format Version 12.00
# Visual Studio Version 17
VisualStudioVersion = 17.2.32516.85
MinimumVisualStudioVersion = 10.0.40219.1
Project("{FAE04EC0-301F-11D3-BF4B-00C04F79EFBC}") = "FullStaticDemo", "FullStaticDemo\FullStaticDemo.csproj", "{754E76DC-766A-4C14-96C3-88ABE15C24A5}"
EndProject
Project("{FAE04EC0-301F-11D3-BF4B-00C04F79EFBC}") = "BusinessLayer", "BusinessLayer\BusinessLayer.csproj", "{20615E83-99EC-4E9A-A65B-B15F49A9A759}"
EndProject
Project("{FAE04EC0-301F-11D3-BF4B-00C04F79EFBC}") = "DataLayer", "DataLayer\DataLayer.csproj", "{032EEEBB-511D-413C-95A7-274F8C63124A}"
EndProject
Project("{FAE04EC0-301F-11D3-BF4B-00C04F79EFBC}") = "DependencyInjection", "DependencyInjection\DependencyInjection.csproj", "{FABBE276-4BA6-42C6-AC65-D8749174DA70}"
EndProject
Global
	GlobalSection(SolutionConfigurationPlatforms) = preSolution
		Debug|Any CPU = Debug|Any CPU
		Release|Any CPU = Release|Any CPU
	EndGlobalSection
	GlobalSection(ProjectConfigurationPlatforms) = postSolution
		{754E76DC-766A-4C14-96C3-88ABE15C24A5}.Debug|Any CPU.ActiveCfg = Debug|Any CPU
		{754E76DC-766A-4C14-96C3-88ABE15C24A5}.Debug|Any CPU.Build.0 = Debug|Any CPU
		{754E76DC-766A-4C14-96C3-88ABE15C24A5}.Release|Any CPU.ActiveCfg = Release|Any CPU
		{754E76DC-766A-4C14-96C3-88ABE15C24A5}.Release|Any CPU.Build.0 = Release|Any CPU
		{20615E83-99EC-4E9A-A65B-B15F49A9A759}.Debug|Any CPU.ActiveCfg = Debug|Any CPU
		{20615E83-99EC-4E9A-A65B-B15F49A9A759}.Debug|Any CPU.Build.0 = Debug|Any CPU
		{20615E83-99EC-4E9A-A65B-B15F49A9A759}.Release|Any CPU.ActiveCfg = Release|Any CPU
		{20615E83-99EC-4E9A-A65B-B15F49A9A759}.Release|Any CPU.Build.0 = Release|Any CPU
		{032EEEBB-511D-413C-95A7-274F8C63124A}.Debug|Any CPU.ActiveCfg = Debug|Any CPU
		{032EEEBB-511D-413C-95A7-274F8C63124A}.Debug|Any CPU.Build.0 = Debug|Any CPU
		{032EEEBB-511D-413C-95A7-274F8C63124A}.Release|Any CPU.ActiveCfg = Release|Any CPU
		{032EEEBB-511D-413C-95A7-274F8C63124A}.Release|Any CPU.Build.0 = Release|Any CPU
		{FABBE276-4BA6-42C6-AC65-D8749174DA70}.Debug|Any CPU.ActiveCfg = Debug|Any CPU
		{FABBE276-4BA6-42C6-AC65-D8749174DA70}.Debug|Any CPU.Build.0 = Debug|Any CPU
		{FABBE276-4BA6-42C6-AC65-D8749174DA70}.Release|Any CPU.ActiveCfg = Release|Any CPU
		{FABBE276-4BA6-42C6-AC65-D8749174DA70}.Release|Any CPU.Build.0 = Release|Any CPU
	EndGlobalSection
	GlobalSection(SolutionProperties) = preSolution
		HideSolutionNode = FALSE
	EndGlobalSection
	GlobalSection(ExtensibilityGlobals) = postSolution
		SolutionGuid = {A00720A2-594E-413F-B07C-CF3E3E7C54D1}
	EndGlobalSection
EndGlobal
